
Microsoft Visual Studio Solution File, Format Version 12.00
# Visual Studio Version 17
VisualStudioVersion = 17.5.002.0
MinimumVisualStudioVersion = 10.0.40219.1
Project("{9A19103F-16F7-4668-BE54-9A1E7A4F7556}") = "CoreMVCAPI", "CoreMVCAPI.csproj", "{5D1E04C4-D6A2-4E11-B7C7-A9453798C509}"
EndProject
Global
	GlobalSection(SolutionConfigurationPlatforms) = preSolution
		Debug|Any CPU = Debug|Any CPU
		Release|Any CPU = Release|Any CPU
	EndGlobalSection
	GlobalSection(ProjectConfigurationPlatforms) = postSolution
		{5D1E04C4-D6A2-4E11-B7C7-A9453798C509}.Debug|Any CPU.ActiveCfg = Debug|Any CPU
		{5D1E04C4-D6A2-4E11-B7C7-A9453798C509}.Debug|Any CPU.Build.0 = Debug|Any CPU
		{5D1E04C4-D6A2-4E11-B7C7-A9453798C509}.Release|Any CPU.ActiveCfg = Release|Any CPU
		{5D1E04C4-D6A2-4E11-B7C7-A9453798C509}.Release|Any CPU.Build.0 = Release|Any CPU
	EndGlobalSection
	GlobalSection(SolutionProperties) = preSolution
		HideSolutionNode = FALSE
	EndGlobalSection
	GlobalSection(ExtensibilityGlobals) = postSolution
		SolutionGuid = {FA1A4FC7-1DFE-4AB7-8243-71CF906BA611}
	EndGlobalSection
EndGlobal
